
Microsoft Visual Studio Solution File, Format Version 12.00
# Visual Studio Version 17
VisualStudioVersion = 17.5.002.0
MinimumVisualStudioVersion = 10.0.40219.1
Project("{9A19103F-16F7-4668-BE54-9A1E7A4F7556}") = "PotionStoreConsole", "PotionStoreConsole\PotionStoreConsole.csproj", "{B9C65DB4-2A49-4CB0-8039-DA2E1E9BA783}"
EndProject
Global
	GlobalSection(SolutionConfigurationPlatforms) = preSolution
		Debug|Any CPU = Debug|Any CPU
		Release|Any CPU = Release|Any CPU
	EndGlobalSection
	GlobalSection(ProjectConfigurationPlatforms) = postSolution
		{B9C65DB4-2A49-4CB0-8039-DA2E1E9BA783}.Debug|Any CPU.ActiveCfg = Debug|Any CPU
		{B9C65DB4-2A49-4CB0-8039-DA2E1E9BA783}.Debug|Any CPU.Build.0 = Debug|Any CPU
		{B9C65DB4-2A49-4CB0-8039-DA2E1E9BA783}.Release|Any CPU.ActiveCfg = Release|Any CPU
		{B9C65DB4-2A49-4CB0-8039-DA2E1E9BA783}.Release|Any CPU.Build.0 = Release|Any CPU
	EndGlobalSection
	GlobalSection(SolutionProperties) = preSolution
		HideSolutionNode = FALSE
	EndGlobalSection
	GlobalSection(ExtensibilityGlobals) = postSolution
		SolutionGuid = {6A37C203-EC01-4E7D-BE65-7B427FC72ED2}
	EndGlobalSection
EndGlobal
